// !$*UTF8*$!
{
	archiveVersion = 1;
	classes = {
	};
	objectVersion = 60;
	objects = {

/* Begin PBXBuildFile section */
		1D26B3A22B8D06D2006F6D35 /* iosApp.swift in Sources */ = {isa = PBXBuildFile; fileRef = 1D26B3A12B8D06D2006F6D35 /* iosApp.swift */; };
		1D26B3A42B8D06D2006F6D35 /* ContentView.swift in Sources */ = {isa = PBXBuildFile; fileRef = 1D26B3A32B8D06D2006F6D35 /* ContentView.swift */; };
		1D26B3A62B8D06D4006F6D35 /* Assets.xcassets in Resources */ = {isa = PBXBuildFile; fileRef = 1D26B3A52B8D06D4006F6D35 /* Assets.xcassets */; };
		1D26B3A92B8D06D4006F6D35 /* Preview Assets.xcassets in Resources */ = {isa = PBXBuildFile; fileRef = 1D26B3A82B8D06D4006F6D35 /* Preview Assets.xcassets */; };
		1D26B3B32B8D06D4006F6D35 /* iosTests.swift in Sources */ = {isa = PBXBuildFile; fileRef = 1D26B3B22B8D06D4006F6D35 /* iosTests.swift */; };
		1D26B3BD2B8D06D4006F6D35 /* iosUITests.swift in Sources */ = {isa = PBXBuildFile; fileRef = 1D26B3BC2B8D06D4006F6D35 /* iosUITests.swift */; };
		1D26B3BF2B8D06D4006F6D35 /* iosUITestsLaunchTests.swift in Sources */ = {isa = PBXBuildFile; fileRef = 1D26B3BE2B8D06D4006F6D35 /* iosUITestsLaunchTests.swift */; };
		1DE8FEE12B8F33F900FA1123 /* FlutterPluginRegistrant.xcframework in Frameworks */ = {isa = PBXBuildFile; fileRef = 1DE8FEDD2B8F33F800FA1123 /* FlutterPluginRegistrant.xcframework */; };
		1DE8FEE22B8F33F900FA1123 /* App.xcframework in Frameworks */ = {isa = PBXBuildFile; fileRef = 1DE8FEDE2B8F33F800FA1123 /* App.xcframework */; };
		1DE8FEE32B8F33F900FA1123 /* Flutter.xcframework in Frameworks */ = {isa = PBXBuildFile; fileRef = 1DE8FEDF2B8F33F800FA1123 /* Flutter.xcframework */; };
		1DE8FEE42B8F33F900FA1123 /* path_provider_foundation.xcframework in Frameworks */ = {isa = PBXBuildFile; fileRef = 1DE8FEE02B8F33F900FA1123 /* path_provider_foundation.xcframework */; };
		A4AA02B689EE432A66160F71 /* Pods_ios_iosUITests.framework in Frameworks */ = {isa = PBXBuildFile; fileRef = 6652310F009197D1E9092E8D /* Pods_ios_iosUITests.framework */; };
		D0160ADAE331EB226482DAA3 /* Pods_ios.framework in Frameworks */ = {isa = PBXBuildFile; fileRef = D360BD5F886F4D614154F0DD /* Pods_ios.framework */; };
		DDC9C240934596609757B39E /* Pods_iosTests.framework in Frameworks */ = {isa = PBXBuildFile; fileRef = 0EB595FDB6EFCB2EA298A2F1 /* Pods_iosTests.framework */; };
/* End PBXBuildFile section */

/* Begin PBXContainerItemProxy section */
		1D26B3AF2B8D06D4006F6D35 /* PBXContainerItemProxy */ = {
			isa = PBXContainerItemProxy;
			containerPortal = 1D26B3962B8D06D2006F6D35 /* Project object */;
			proxyType = 1;
			remoteGlobalIDString = 1D26B39D2B8D06D2006F6D35;
			remoteInfo = ios;
		};
		1D26B3B92B8D06D4006F6D35 /* PBXContainerItemProxy */ = {
			isa = PBXContainerItemProxy;
			containerPortal = 1D26B3962B8D06D2006F6D35 /* Project object */;
			proxyType = 1;
			remoteGlobalIDString = 1D26B39D2B8D06D2006F6D35;
			remoteInfo = ios;
		};
/* End PBXContainerItemProxy section */

/* Begin PBXFileReference section */
		02AD50CAB5A9C360C71471D9 /* Pods-iosTests.debug.xcconfig */ = {isa = PBXFileReference; includeInIndex = 1; lastKnownFileType = text.xcconfig; name = "Pods-iosTests.debug.xcconfig"; path = "Target Support Files/Pods-iosTests/Pods-iosTests.debug.xcconfig"; sourceTree = "<group>"; };
		0EB595FDB6EFCB2EA298A2F1 /* Pods_iosTests.framework */ = {isa = PBXFileReference; explicitFileType = wrapper.framework; includeInIndex = 0; path = Pods_iosTests.framework; sourceTree = BUILT_PRODUCTS_DIR; };
		12B9F4E69D2071609C674759 /* Pods-iosTests.release.xcconfig */ = {isa = PBXFileReference; includeInIndex = 1; lastKnownFileType = text.xcconfig; name = "Pods-iosTests.release.xcconfig"; path = "Target Support Files/Pods-iosTests/Pods-iosTests.release.xcconfig"; sourceTree = "<group>"; };
		1D26B39E2B8D06D2006F6D35 /* ios.app */ = {isa = PBXFileReference; explicitFileType = wrapper.application; includeInIndex = 0; path = ios.app; sourceTree = BUILT_PRODUCTS_DIR; };
		1D26B3A12B8D06D2006F6D35 /* iosApp.swift */ = {isa = PBXFileReference; lastKnownFileType = sourcecode.swift; path = iosApp.swift; sourceTree = "<group>"; };
		1D26B3A32B8D06D2006F6D35 /* ContentView.swift */ = {isa = PBXFileReference; lastKnownFileType = sourcecode.swift; path = ContentView.swift; sourceTree = "<group>"; };
		1D26B3A52B8D06D4006F6D35 /* Assets.xcassets */ = {isa = PBXFileReference; lastKnownFileType = folder.assetcatalog; path = Assets.xcassets; sourceTree = "<group>"; };
		1D26B3A82B8D06D4006F6D35 /* Preview Assets.xcassets */ = {isa = PBXFileReference; lastKnownFileType = folder.assetcatalog; path = "Preview Assets.xcassets"; sourceTree = "<group>"; };
		1D26B3AE2B8D06D4006F6D35 /* iosTests.xctest */ = {isa = PBXFileReference; explicitFileType = wrapper.cfbundle; includeInIndex = 0; path = iosTests.xctest; sourceTree = BUILT_PRODUCTS_DIR; };
		1D26B3B22B8D06D4006F6D35 /* iosTests.swift */ = {isa = PBXFileReference; lastKnownFileType = sourcecode.swift; path = iosTests.swift; sourceTree = "<group>"; };
		1D26B3B82B8D06D4006F6D35 /* iosUITests.xctest */ = {isa = PBXFileReference; explicitFileType = wrapper.cfbundle; includeInIndex = 0; path = iosUITests.xctest; sourceTree = BUILT_PRODUCTS_DIR; };
		1D26B3BC2B8D06D4006F6D35 /* iosUITests.swift */ = {isa = PBXFileReference; lastKnownFileType = sourcecode.swift; path = iosUITests.swift; sourceTree = "<group>"; };
		1D26B3BE2B8D06D4006F6D35 /* iosUITestsLaunchTests.swift */ = {isa = PBXFileReference; lastKnownFileType = sourcecode.swift; path = iosUITestsLaunchTests.swift; sourceTree = "<group>"; };
		1DE8FEDD2B8F33F800FA1123 /* FlutterPluginRegistrant.xcframework */ = {isa = PBXFileReference; lastKnownFileType = wrapper.xcframework; name = FlutterPluginRegistrant.xcframework; path = ../../game_module/build/ios/framework/Debug/FlutterPluginRegistrant.xcframework; sourceTree = "<group>"; };
		1DE8FEDE2B8F33F800FA1123 /* App.xcframework */ = {isa = PBXFileReference; lastKnownFileType = wrapper.xcframework; name = App.xcframework; path = ../../game_module/build/ios/framework/Debug/App.xcframework; sourceTree = "<group>"; };
		1DE8FEDF2B8F33F800FA1123 /* Flutter.xcframework */ = {isa = PBXFileReference; expectedSignature = "AppleDeveloperProgram:S8QB4VV633:FLUTTER.IO LLC"; lastKnownFileType = wrapper.xcframework; name = Flutter.xcframework; path = ../../game_module/build/ios/framework/Debug/Flutter.xcframework; sourceTree = "<group>"; };
		1DE8FEE02B8F33F900FA1123 /* path_provider_foundation.xcframework */ = {isa = PBXFileReference; lastKnownFileType = wrapper.xcframework; name = path_provider_foundation.xcframework; path = ../../game_module/build/ios/framework/Debug/path_provider_foundation.xcframework; sourceTree = "<group>"; };
		6652310F009197D1E9092E8D /* Pods_ios_iosUITests.framework */ = {isa = PBXFileReference; explicitFileType = wrapper.framework; includeInIndex = 0; path = Pods_ios_iosUITests.framework; sourceTree = BUILT_PRODUCTS_DIR; };
		82DA0F04A6084FF8EE229310 /* Pods-ios-iosUITests.debug.xcconfig */ = {isa = PBXFileReference; includeInIndex = 1; lastKnownFileType = text.xcconfig; name = "Pods-ios-iosUITests.debug.xcconfig"; path = "Target Support Files/Pods-ios-iosUITests/Pods-ios-iosUITests.debug.xcconfig"; sourceTree = "<group>"; };
		8932E7602C3725238BB35A8F /* Pods-ios-iosUITests.release.xcconfig */ = {isa = PBXFileReference; includeInIndex = 1; lastKnownFileType = text.xcconfig; name = "Pods-ios-iosUITests.release.xcconfig"; path = "Target Support Files/Pods-ios-iosUITests/Pods-ios-iosUITests.release.xcconfig"; sourceTree = "<group>"; };
		B0FA1EBA92C99B0AE6E8420E /* Pods-ios.debug.xcconfig */ = {isa = PBXFileReference; includeInIndex = 1; lastKnownFileType = text.xcconfig; name = "Pods-ios.debug.xcconfig"; path = "Target Support Files/Pods-ios/Pods-ios.debug.xcconfig"; sourceTree = "<group>"; };
		B8601459F18C8FD13A3824BF /* Pods-ios.release.xcconfig */ = {isa = PBXFileReference; includeInIndex = 1; lastKnownFileType = text.xcconfig; name = "Pods-ios.release.xcconfig"; path = "Target Support Files/Pods-ios/Pods-ios.release.xcconfig"; sourceTree = "<group>"; };
		D360BD5F886F4D614154F0DD /* Pods_ios.framework */ = {isa = PBXFileReference; explicitFileType = wrapper.framework; includeInIndex = 0; path = Pods_ios.framework; sourceTree = BUILT_PRODUCTS_DIR; };
/* End PBXFileReference section */

/* Begin PBXFrameworksBuildPhase section */
		1D26B39B2B8D06D2006F6D35 /* Frameworks */ = {
			isa = PBXFrameworksBuildPhase;
			buildActionMask = 2147483647;
			files = (
				1DE8FEE12B8F33F900FA1123 /* FlutterPluginRegistrant.xcframework in Frameworks */,
				1DE8FEE22B8F33F900FA1123 /* App.xcframework in Frameworks */,
				1DE8FEE32B8F33F900FA1123 /* Flutter.xcframework in Frameworks */,
				1DE8FEE42B8F33F900FA1123 /* path_provider_foundation.xcframework in Frameworks */,
				D0160ADAE331EB226482DAA3 /* Pods_ios.framework in Frameworks */,
			);
			runOnlyForDeploymentPostprocessing = 0;
		};
		1D26B3AB2B8D06D4006F6D35 /* Frameworks */ = {
			isa = PBXFrameworksBuildPhase;
			buildActionMask = 2147483647;
			files = (
				DDC9C240934596609757B39E /* Pods_iosTests.framework in Frameworks */,
			);
			runOnlyForDeploymentPostprocessing = 0;
		};
		1D26B3B52B8D06D4006F6D35 /* Frameworks */ = {
			isa = PBXFrameworksBuildPhase;
			buildActionMask = 2147483647;
			files = (
				A4AA02B689EE432A66160F71 /* Pods_ios_iosUITests.framework in Frameworks */,
			);
			runOnlyForDeploymentPostprocessing = 0;
		};
/* End PBXFrameworksBuildPhase section */

/* Begin PBXGroup section */
		1D26B3952B8D06D2006F6D35 = {
			isa = PBXGroup;
			children = (
				1D26B3A02B8D06D2006F6D35 /* ios */,
				1D26B3B12B8D06D4006F6D35 /* iosTests */,
				1D26B3BB2B8D06D4006F6D35 /* iosUITests */,
				1D26B39F2B8D06D2006F6D35 /* Products */,
				740377E9633C3F2E34343BC1 /* Pods */,
				F70CE2BD86CEA02E8BFA93B0 /* Frameworks */,
			);
			sourceTree = "<group>";
		};
		1D26B39F2B8D06D2006F6D35 /* Products */ = {
			isa = PBXGroup;
			children = (
				1D26B39E2B8D06D2006F6D35 /* ios.app */,
				1D26B3AE2B8D06D4006F6D35 /* iosTests.xctest */,
				1D26B3B82B8D06D4006F6D35 /* iosUITests.xctest */,
			);
			name = Products;
			sourceTree = "<group>";
		};
		1D26B3A02B8D06D2006F6D35 /* ios */ = {
			isa = PBXGroup;
			children = (
				1D26B3A12B8D06D2006F6D35 /* iosApp.swift */,
				1D26B3A32B8D06D2006F6D35 /* ContentView.swift */,
				1D26B3A52B8D06D4006F6D35 /* Assets.xcassets */,
				1D26B3A72B8D06D4006F6D35 /* Preview Content */,
			);
			path = ios;
			sourceTree = "<group>";
		};
		1D26B3A72B8D06D4006F6D35 /* Preview Content */ = {
			isa = PBXGroup;
			children = (
				1D26B3A82B8D06D4006F6D35 /* Preview Assets.xcassets */,
			);
			path = "Preview Content";
			sourceTree = "<group>";
		};
		1D26B3B12B8D06D4006F6D35 /* iosTests */ = {
			isa = PBXGroup;
			children = (
				1D26B3B22B8D06D4006F6D35 /* iosTests.swift */,
			);
			path = iosTests;
			sourceTree = "<group>";
		};
		1D26B3BB2B8D06D4006F6D35 /* iosUITests */ = {
			isa = PBXGroup;
			children = (
				1D26B3BC2B8D06D4006F6D35 /* iosUITests.swift */,
				1D26B3BE2B8D06D4006F6D35 /* iosUITestsLaunchTests.swift */,
			);
			path = iosUITests;
			sourceTree = "<group>";
		};
		740377E9633C3F2E34343BC1 /* Pods */ = {
			isa = PBXGroup;
			children = (
				B0FA1EBA92C99B0AE6E8420E /* Pods-ios.debug.xcconfig */,
				B8601459F18C8FD13A3824BF /* Pods-ios.release.xcconfig */,
				82DA0F04A6084FF8EE229310 /* Pods-ios-iosUITests.debug.xcconfig */,
				8932E7602C3725238BB35A8F /* Pods-ios-iosUITests.release.xcconfig */,
				02AD50CAB5A9C360C71471D9 /* Pods-iosTests.debug.xcconfig */,
				12B9F4E69D2071609C674759 /* Pods-iosTests.release.xcconfig */,
			);
			path = Pods;
			sourceTree = "<group>";
		};
		F70CE2BD86CEA02E8BFA93B0 /* Frameworks */ = {
			isa = PBXGroup;
			children = (
				1DE8FEDE2B8F33F800FA1123 /* App.xcframework */,
				1DE8FEDF2B8F33F800FA1123 /* Flutter.xcframework */,
				1DE8FEDD2B8F33F800FA1123 /* FlutterPluginRegistrant.xcframework */,
				1DE8FEE02B8F33F900FA1123 /* path_provider_foundation.xcframework */,
				D360BD5F886F4D614154F0DD /* Pods_ios.framework */,
				6652310F009197D1E9092E8D /* Pods_ios_iosUITests.framework */,
				0EB595FDB6EFCB2EA298A2F1 /* Pods_iosTests.framework */,
			);
			name = Frameworks;
			sourceTree = "<group>";
		};
/* End PBXGroup section */

/* Begin PBXNativeTarget section */
		1D26B39D2B8D06D2006F6D35 /* ios */ = {
			isa = PBXNativeTarget;
			buildConfigurationList = 1D26B3C22B8D06D4006F6D35 /* Build configuration list for PBXNativeTarget "ios" */;
			buildPhases = (
				F1DC07875E67654F83A4B86A /* [CP] Check Pods Manifest.lock */,
				1D26B39A2B8D06D2006F6D35 /* Sources */,
				1D26B39B2B8D06D2006F6D35 /* Frameworks */,
				1D26B39C2B8D06D2006F6D35 /* Resources */,
			);
			buildRules = (
			);
			dependencies = (
			);
			name = ios;
			productName = ios;
			productReference = 1D26B39E2B8D06D2006F6D35 /* ios.app */;
			productType = "com.apple.product-type.application";
		};
		1D26B3AD2B8D06D4006F6D35 /* iosTests */ = {
			isa = PBXNativeTarget;
			buildConfigurationList = 1D26B3C52B8D06D4006F6D35 /* Build configuration list for PBXNativeTarget "iosTests" */;
			buildPhases = (
				9FD5F266202903F7D08D4382 /* [CP] Check Pods Manifest.lock */,
				1D26B3AA2B8D06D4006F6D35 /* Sources */,
				1D26B3AB2B8D06D4006F6D35 /* Frameworks */,
				1D26B3AC2B8D06D4006F6D35 /* Resources */,
			);
			buildRules = (
			);
			dependencies = (
				1D26B3B02B8D06D4006F6D35 /* PBXTargetDependency */,
			);
			name = iosTests;
			productName = iosTests;
			productReference = 1D26B3AE2B8D06D4006F6D35 /* iosTests.xctest */;
			productType = "com.apple.product-type.bundle.unit-test";
		};
		1D26B3B72B8D06D4006F6D35 /* iosUITests */ = {
			isa = PBXNativeTarget;
			buildConfigurationList = 1D26B3C82B8D06D4006F6D35 /* Build configuration list for PBXNativeTarget "iosUITests" */;
			buildPhases = (
				F00F33D0515B5A7C39A49EC5 /* [CP] Check Pods Manifest.lock */,
				1D26B3B42B8D06D4006F6D35 /* Sources */,
				1D26B3B52B8D06D4006F6D35 /* Frameworks */,
				1D26B3B62B8D06D4006F6D35 /* Resources */,
			);
			buildRules = (
			);
			dependencies = (
				1D26B3BA2B8D06D4006F6D35 /* PBXTargetDependency */,
			);
			name = iosUITests;
			productName = iosUITests;
			productReference = 1D26B3B82B8D06D4006F6D35 /* iosUITests.xctest */;
			productType = "com.apple.product-type.bundle.ui-testing";
		};
/* End PBXNativeTarget section */

/* Begin PBXProject section */
		1D26B3962B8D06D2006F6D35 /* Project object */ = {
			isa = PBXProject;
			attributes = {
				BuildIndependentTargetsInParallel = 1;
				LastSwiftUpdateCheck = 1520;
				LastUpgradeCheck = 1520;
				TargetAttributes = {
					1D26B39D2B8D06D2006F6D35 = {
						CreatedOnToolsVersion = 15.2;
					};
					1D26B3AD2B8D06D4006F6D35 = {
						CreatedOnToolsVersion = 15.2;
						TestTargetID = 1D26B39D2B8D06D2006F6D35;
					};
					1D26B3B72B8D06D4006F6D35 = {
						CreatedOnToolsVersion = 15.2;
						TestTargetID = 1D26B39D2B8D06D2006F6D35;
					};
				};
			};
			buildConfigurationList = 1D26B3992B8D06D2006F6D35 /* Build configuration list for PBXProject "ios" */;
			compatibilityVersion = "Xcode 14.0";
			developmentRegion = en;
			hasScannedForEncodings = 0;
			knownRegions = (
				en,
				Base,
			);
			mainGroup = 1D26B3952B8D06D2006F6D35;
			productRefGroup = 1D26B39F2B8D06D2006F6D35 /* Products */;
			projectDirPath = "";
			projectRoot = "";
			targets = (
				1D26B39D2B8D06D2006F6D35 /* ios */,
				1D26B3AD2B8D06D4006F6D35 /* iosTests */,
				1D26B3B72B8D06D4006F6D35 /* iosUITests */,
			);
		};
/* End PBXProject section */

/* Begin PBXResourcesBuildPhase section */
		1D26B39C2B8D06D2006F6D35 /* Resources */ = {
			isa = PBXResourcesBuildPhase;
			buildActionMask = 2147483647;
			files = (
				1D26B3A92B8D06D4006F6D35 /* Preview Assets.xcassets in Resources */,
				1D26B3A62B8D06D4006F6D35 /* Assets.xcassets in Resources */,
			);
			runOnlyForDeploymentPostprocessing = 0;
		};
		1D26B3AC2B8D06D4006F6D35 /* Resources */ = {
			isa = PBXResourcesBuildPhase;
			buildActionMask = 2147483647;
			files = (
			);
			runOnlyForDeploymentPostprocessing = 0;
		};
		1D26B3B62B8D06D4006F6D35 /* Resources */ = {
			isa = PBXResourcesBuildPhase;
			buildActionMask = 2147483647;
			files = (
			);
			runOnlyForDeploymentPostprocessing = 0;
		};
/* End PBXResourcesBuildPhase section */

/* Begin PBXShellScriptBuildPhase section */
		9FD5F266202903F7D08D4382 /* [CP] Check Pods Manifest.lock */ = {
			isa = PBXShellScriptBuildPhase;
			buildActionMask = 2147483647;
			files = (
			);
			inputFileListPaths = (
			);
			inputPaths = (
				"${PODS_PODFILE_DIR_PATH}/Podfile.lock",
				"${PODS_ROOT}/Manifest.lock",
			);
			name = "[CP] Check Pods Manifest.lock";
			outputFileListPaths = (
			);
			outputPaths = (
				"$(DERIVED_FILE_DIR)/Pods-iosTests-checkManifestLockResult.txt",
			);
			runOnlyForDeploymentPostprocessing = 0;
			shellPath = /bin/sh;
			shellScript = "diff \"${PODS_PODFILE_DIR_PATH}/Podfile.lock\" \"${PODS_ROOT}/Manifest.lock\" > /dev/null\nif [ $? != 0 ] ; then\n    # print error to STDERR\n    echo \"error: The sandbox is not in sync with the Podfile.lock. Run 'pod install' or update your CocoaPods installation.\" >&2\n    exit 1\nfi\n# This output is used by Xcode 'outputs' to avoid re-running this script phase.\necho \"SUCCESS\" > \"${SCRIPT_OUTPUT_FILE_0}\"\n";
			showEnvVarsInLog = 0;
		};
		F00F33D0515B5A7C39A49EC5 /* [CP] Check Pods Manifest.lock */ = {
			isa = PBXShellScriptBuildPhase;
			buildActionMask = 2147483647;
			files = (
			);
			inputFileListPaths = (
			);
			inputPaths = (
				"${PODS_PODFILE_DIR_PATH}/Podfile.lock",
				"${PODS_ROOT}/Manifest.lock",
			);
			name = "[CP] Check Pods Manifest.lock";
			outputFileListPaths = (
			);
			outputPaths = (
				"$(DERIVED_FILE_DIR)/Pods-ios-iosUITests-checkManifestLockResult.txt",
			);
			runOnlyForDeploymentPostprocessing = 0;
			shellPath = /bin/sh;
			shellScript = "diff \"${PODS_PODFILE_DIR_PATH}/Podfile.lock\" \"${PODS_ROOT}/Manifest.lock\" > /dev/null\nif [ $? != 0 ] ; then\n    # print error to STDERR\n    echo \"error: The sandbox is not in sync with the Podfile.lock. Run 'pod install' or update your CocoaPods installation.\" >&2\n    exit 1\nfi\n# This output is used by Xcode 'outputs' to avoid re-running this script phase.\necho \"SUCCESS\" > \"${SCRIPT_OUTPUT_FILE_0}\"\n";
			showEnvVarsInLog = 0;
		};
		F1DC07875E67654F83A4B86A /* [CP] Check Pods Manifest.lock */ = {
			isa = PBXShellScriptBuildPhase;
			buildActionMask = 2147483647;
			files = (
			);
			inputFileListPaths = (
			);
			inputPaths = (
				"${PODS_PODFILE_DIR_PATH}/Podfile.lock",
				"${PODS_ROOT}/Manifest.lock",
			);
			name = "[CP] Check Pods Manifest.lock";
			outputFileListPaths = (
			);
			outputPaths = (
				"$(DERIVED_FILE_DIR)/Pods-ios-checkManifestLockResult.txt",
			);
			runOnlyForDeploymentPostprocessing = 0;
			shellPath = /bin/sh;
			shellScript = "diff \"${PODS_PODFILE_DIR_PATH}/Podfile.lock\" \"${PODS_ROOT}/Manifest.lock\" > /dev/null\nif [ $? != 0 ] ; then\n    # print error to STDERR\n    echo \"error: The sandbox is not in sync with the Podfile.lock. Run 'pod install' or update your CocoaPods installation.\" >&2\n    exit 1\nfi\n# This output is used by Xcode 'outputs' to avoid re-running this script phase.\necho \"SUCCESS\" > \"${SCRIPT_OUTPUT_FILE_0}\"\n";
			showEnvVarsInLog = 0;
		};
/* End PBXShellScriptBuildPhase section */

/* Begin PBXSourcesBuildPhase section */
		1D26B39A2B8D06D2006F6D35 /* Sources */ = {
			isa = PBXSourcesBuildPhase;
			buildActionMask = 2147483647;
			files = (
				1D26B3A42B8D06D2006F6D35 /* ContentView.swift in Sources */,
				1D26B3A22B8D06D2006F6D35 /* iosApp.swift in Sources */,
			);
			runOnlyForDeploymentPostprocessing = 0;
		};
		1D26B3AA2B8D06D4006F6D35 /* Sources */ = {
			isa = PBXSourcesBuildPhase;
			buildActionMask = 2147483647;
			files = (
				1D26B3B32B8D06D4006F6D35 /* iosTests.swift in Sources */,
			);
			runOnlyForDeploymentPostprocessing = 0;
		};
		1D26B3B42B8D06D4006F6D35 /* Sources */ = {
			isa = PBXSourcesBuildPhase;
			buildActionMask = 2147483647;
			files = (
				1D26B3BF2B8D06D4006F6D35 /* iosUITestsLaunchTests.swift in Sources */,
				1D26B3BD2B8D06D4006F6D35 /* iosUITests.swift in Sources */,
			);
			runOnlyForDeploymentPostprocessing = 0;
		};
/* End PBXSourcesBuildPhase section */

/* Begin PBXTargetDependency section */
		1D26B3B02B8D06D4006F6D35 /* PBXTargetDependency */ = {
			isa = PBXTargetDependency;
			target = 1D26B39D2B8D06D2006F6D35 /* ios */;
			targetProxy = 1D26B3AF2B8D06D4006F6D35 /* PBXContainerItemProxy */;
		};
		1D26B3BA2B8D06D4006F6D35 /* PBXTargetDependency */ = {
			isa = PBXTargetDependency;
			target = 1D26B39D2B8D06D2006F6D35 /* ios */;
			targetProxy = 1D26B3B92B8D06D4006F6D35 /* PBXContainerItemProxy */;
		};
/* End PBXTargetDependency section */

/* Begin XCBuildConfiguration section */
		1D26B3C02B8D06D4006F6D35 /* Debug */ = {
			isa = XCBuildConfiguration;
			buildSettings = {
				ALWAYS_SEARCH_USER_PATHS = NO;
				ASSETCATALOG_COMPILER_GENERATE_SWIFT_ASSET_SYMBOL_EXTENSIONS = YES;
				CLANG_ANALYZER_NONNULL = YES;
				CLANG_ANALYZER_NUMBER_OBJECT_CONVERSION = YES_AGGRESSIVE;
				CLANG_CXX_LANGUAGE_STANDARD = "gnu++20";
				CLANG_ENABLE_MODULES = YES;
				CLANG_ENABLE_OBJC_ARC = YES;
				CLANG_ENABLE_OBJC_WEAK = YES;
				CLANG_WARN_BLOCK_CAPTURE_AUTORELEASING = YES;
				CLANG_WARN_BOOL_CONVERSION = YES;
				CLANG_WARN_COMMA = YES;
				CLANG_WARN_CONSTANT_CONVERSION = YES;
				CLANG_WARN_DEPRECATED_OBJC_IMPLEMENTATIONS = YES;
				CLANG_WARN_DIRECT_OBJC_ISA_USAGE = YES_ERROR;
				CLANG_WARN_DOCUMENTATION_COMMENTS = YES;
				CLANG_WARN_EMPTY_BODY = YES;
				CLANG_WARN_ENUM_CONVERSION = YES;
				CLANG_WARN_INFINITE_RECURSION = YES;
				CLANG_WARN_INT_CONVERSION = YES;
				CLANG_WARN_NON_LITERAL_NULL_CONVERSION = YES;
				CLANG_WARN_OBJC_IMPLICIT_RETAIN_SELF = YES;
				CLANG_WARN_OBJC_LITERAL_CONVERSION = YES;
				CLANG_WARN_OBJC_ROOT_CLASS = YES_ERROR;
				CLANG_WARN_QUOTED_INCLUDE_IN_FRAMEWORK_HEADER = YES;
				CLANG_WARN_RANGE_LOOP_ANALYSIS = YES;
				CLANG_WARN_STRICT_PROTOTYPES = YES;
				CLANG_WARN_SUSPICIOUS_MOVE = YES;
				CLANG_WARN_UNGUARDED_AVAILABILITY = YES_AGGRESSIVE;
				CLANG_WARN_UNREACHABLE_CODE = YES;
				CLANG_WARN__DUPLICATE_METHOD_MATCH = YES;
				COPY_PHASE_STRIP = NO;
				DEBUG_INFORMATION_FORMAT = dwarf;
				ENABLE_STRICT_OBJC_MSGSEND = YES;
				ENABLE_TESTABILITY = YES;
				ENABLE_USER_SCRIPT_SANDBOXING = YES;
				GCC_C_LANGUAGE_STANDARD = gnu17;
				GCC_DYNAMIC_NO_PIC = NO;
				GCC_NO_COMMON_BLOCKS = YES;
				GCC_OPTIMIZATION_LEVEL = 0;
				GCC_PREPROCESSOR_DEFINITIONS = (
					"DEBUG=1",
					"$(inherited)",
				);
				GCC_WARN_64_TO_32_BIT_CONVERSION = YES;
				GCC_WARN_ABOUT_RETURN_TYPE = YES_ERROR;
				GCC_WARN_UNDECLARED_SELECTOR = YES;
				GCC_WARN_UNINITIALIZED_AUTOS = YES_AGGRESSIVE;
				GCC_WARN_UNUSED_FUNCTION = YES;
				GCC_WARN_UNUSED_VARIABLE = YES;
				IPHONEOS_DEPLOYMENT_TARGET = 17.2;
				LOCALIZATION_PREFERS_STRING_CATALOGS = YES;
				MTL_ENABLE_DEBUG_INFO = INCLUDE_SOURCE;
				MTL_FAST_MATH = YES;
				ONLY_ACTIVE_ARCH = YES;
				SDKROOT = iphoneos;
				SWIFT_ACTIVE_COMPILATION_CONDITIONS = "DEBUG $(inherited)";
				SWIFT_OPTIMIZATION_LEVEL = "-Onone";
			};
			name = Debug;
		};
		1D26B3C12B8D06D4006F6D35 /* Release */ = {
			isa = XCBuildConfiguration;
			buildSettings = {
				ALWAYS_SEARCH_USER_PATHS = NO;
				ASSETCATALOG_COMPILER_GENERATE_SWIFT_ASSET_SYMBOL_EXTENSIONS = YES;
				CLANG_ANALYZER_NONNULL = YES;
				CLANG_ANALYZER_NUMBER_OBJECT_CONVERSION = YES_AGGRESSIVE;
				CLANG_CXX_LANGUAGE_STANDARD = "gnu++20";
				CLANG_ENABLE_MODULES = YES;
				CLANG_ENABLE_OBJC_ARC = YES;
				CLANG_ENABLE_OBJC_WEAK = YES;
				CLANG_WARN_BLOCK_CAPTURE_AUTORELEASING = YES;
				CLANG_WARN_BOOL_CONVERSION = YES;
				CLANG_WARN_COMMA = YES;
				CLANG_WARN_CONSTANT_CONVERSION = YES;
				CLANG_WARN_DEPRECATED_OBJC_IMPLEMENTATIONS = YES;
				CLANG_WARN_DIRECT_OBJC_ISA_USAGE = YES_ERROR;
				CLANG_WARN_DOCUMENTATION_COMMENTS = YES;
				CLANG_WARN_EMPTY_BODY = YES;
				CLANG_WARN_ENUM_CONVERSION = YES;
				CLANG_WARN_INFINITE_RECURSION = YES;
				CLANG_WARN_INT_CONVERSION = YES;
				CLANG_WARN_NON_LITERAL_NULL_CONVERSION = YES;
				CLANG_WARN_OBJC_IMPLICIT_RETAIN_SELF = YES;
				CLANG_WARN_OBJC_LITERAL_CONVERSION = YES;
				CLANG_WARN_OBJC_ROOT_CLASS = YES_ERROR;
				CLANG_WARN_QUOTED_INCLUDE_IN_FRAMEWORK_HEADER = YES;
				CLANG_WARN_RANGE_LOOP_ANALYSIS = YES;
				CLANG_WARN_STRICT_PROTOTYPES = YES;
				CLANG_WARN_SUSPICIOUS_MOVE = YES;
				CLANG_WARN_UNGUARDED_AVAILABILITY = YES_AGGRESSIVE;
				CLANG_WARN_UNREACHABLE_CODE = YES;
				CLANG_WARN__DUPLICATE_METHOD_MATCH = YES;
				COPY_PHASE_STRIP = NO;
				DEBUG_INFORMATION_FORMAT = "dwarf-with-dsym";
				ENABLE_NS_ASSERTIONS = NO;
				ENABLE_STRICT_OBJC_MSGSEND = YES;
				ENABLE_USER_SCRIPT_SANDBOXING = YES;
				GCC_C_LANGUAGE_STANDARD = gnu17;
				GCC_NO_COMMON_BLOCKS = YES;
				GCC_WARN_64_TO_32_BIT_CONVERSION = YES;
				GCC_WARN_ABOUT_RETURN_TYPE = YES_ERROR;
				GCC_WARN_UNDECLARED_SELECTOR = YES;
				GCC_WARN_UNINITIALIZED_AUTOS = YES_AGGRESSIVE;
				GCC_WARN_UNUSED_FUNCTION = YES;
				GCC_WARN_UNUSED_VARIABLE = YES;
				IPHONEOS_DEPLOYMENT_TARGET = 17.2;
				LOCALIZATION_PREFERS_STRING_CATALOGS = YES;
				MTL_ENABLE_DEBUG_INFO = NO;
				MTL_FAST_MATH = YES;
				SDKROOT = iphoneos;
				SWIFT_COMPILATION_MODE = wholemodule;
				VALIDATE_PRODUCT = YES;
			};
			name = Release;
		};
		1D26B3C32B8D06D4006F6D35 /* Debug */ = {
			isa = XCBuildConfiguration;
			baseConfigurationReference = B0FA1EBA92C99B0AE6E8420E /* Pods-ios.debug.xcconfig */;
			buildSettings = {
				ASSETCATALOG_COMPILER_APPICON_NAME = AppIcon;
				ASSETCATALOG_COMPILER_GLOBAL_ACCENT_COLOR_NAME = AccentColor;
				CODE_SIGN_STYLE = Automatic;
				CURRENT_PROJECT_VERSION = 1;
				DEVELOPMENT_ASSET_PATHS = "\"ios/Preview Content\"";
				DEVELOPMENT_TEAM = P8K6Z5UGBL;
				ENABLE_PREVIEWS = YES;
				GENERATE_INFOPLIST_FILE = YES;
				INFOPLIST_KEY_UIApplicationSceneManifest_Generation = YES;
				INFOPLIST_KEY_UIApplicationSupportsIndirectInputEvents = YES;
				INFOPLIST_KEY_UILaunchScreen_Generation = YES;
				INFOPLIST_KEY_UISupportedInterfaceOrientations_iPad = "UIInterfaceOrientationPortrait UIInterfaceOrientationPortraitUpsideDown UIInterfaceOrientationLandscapeLeft UIInterfaceOrientationLandscapeRight";
				INFOPLIST_KEY_UISupportedInterfaceOrientations_iPhone = "UIInterfaceOrientationPortrait UIInterfaceOrientationLandscapeLeft UIInterfaceOrientationLandscapeRight";
				LD_RUNPATH_SEARCH_PATHS = (
					"$(inherited)",
					"@executable_path/Frameworks",
				);
				MARKETING_VERSION = 1.0;
				PRODUCT_BUNDLE_IDENTIFIER = com.example.ios;
				PRODUCT_NAME = "$(TARGET_NAME)";
				SWIFT_EMIT_LOC_STRINGS = YES;
				SWIFT_VERSION = 5.0;
				TARGETED_DEVICE_FAMILY = "1,2";
			};
			name = Debug;
		};
		1D26B3C42B8D06D4006F6D35 /* Release */ = {
			isa = XCBuildConfiguration;
			baseConfigurationReference = B8601459F18C8FD13A3824BF /* Pods-ios.release.xcconfig */;
			buildSettings = {
				ASSETCATALOG_COMPILER_APPICON_NAME = AppIcon;
				ASSETCATALOG_COMPILER_GLOBAL_ACCENT_COLOR_NAME = AccentColor;
				CODE_SIGN_STYLE = Automatic;
				CURRENT_PROJECT_VERSION = 1;
				DEVELOPMENT_ASSET_PATHS = "\"ios/Preview Content\"";
				DEVELOPMENT_TEAM = P8K6Z5UGBL;
				ENABLE_PREVIEWS = YES;
				GENERATE_INFOPLIST_FILE = YES;
				INFOPLIST_KEY_UIApplicationSceneManifest_Generation = YES;
				INFOPLIST_KEY_UIApplicationSupportsIndirectInputEvents = YES;
				INFOPLIST_KEY_UILaunchScreen_Generation = YES;
				INFOPLIST_KEY_UISupportedInterfaceOrientations_iPad = "UIInterfaceOrientationPortrait UIInterfaceOrientationPortraitUpsideDown UIInterfaceOrientationLandscapeLeft UIInterfaceOrientationLandscapeRight";
				INFOPLIST_KEY_UISupportedInterfaceOrientations_iPhone = "UIInterfaceOrientationPortrait UIInterfaceOrientationLandscapeLeft UIInterfaceOrientationLandscapeRight";
				LD_RUNPATH_SEARCH_PATHS = (
					"$(inherited)",
					"@executable_path/Frameworks",
				);
				MARKETING_VERSION = 1.0;
				PRODUCT_BUNDLE_IDENTIFIER = com.example.ios;
				PRODUCT_NAME = "$(TARGET_NAME)";
				SWIFT_EMIT_LOC_STRINGS = YES;
				SWIFT_VERSION = 5.0;
				TARGETED_DEVICE_FAMILY = "1,2";
			};
			name = Release;
		};
		1D26B3C62B8D06D4006F6D35 /* Debug */ = {
			isa = XCBuildConfiguration;
			baseConfigurationReference = 02AD50CAB5A9C360C71471D9 /* Pods-iosTests.debug.xcconfig */;
			buildSettings = {
				ALWAYS_EMBED_SWIFT_STANDARD_LIBRARIES = YES;
				BUNDLE_LOADER = "$(TEST_HOST)";
				CODE_SIGN_STYLE = Automatic;
				CURRENT_PROJECT_VERSION = 1;
				DEVELOPMENT_TEAM = P8K6Z5UGBL;
				GENERATE_INFOPLIST_FILE = YES;
				IPHONEOS_DEPLOYMENT_TARGET = 17.2;
				MARKETING_VERSION = 1.0;
				PRODUCT_BUNDLE_IDENTIFIER = com.example.iosTests;
				PRODUCT_NAME = "$(TARGET_NAME)";
				SWIFT_EMIT_LOC_STRINGS = NO;
				SWIFT_VERSION = 5.0;
				TARGETED_DEVICE_FAMILY = "1,2";
				TEST_HOST = "$(BUILT_PRODUCTS_DIR)/ios.app/$(BUNDLE_EXECUTABLE_FOLDER_PATH)/ios";
			};
			name = Debug;
		};
		1D26B3C72B8D06D4006F6D35 /* Release */ = {
			isa = XCBuildConfiguration;
			baseConfigurationReference = 12B9F4E69D2071609C674759 /* Pods-iosTests.release.xcconfig */;
			buildSettings = {
				ALWAYS_EMBED_SWIFT_STANDARD_LIBRARIES = YES;
				BUNDLE_LOADER = "$(TEST_HOST)";
				CODE_SIGN_STYLE = Automatic;
				CURRENT_PROJECT_VERSION = 1;
				DEVELOPMENT_TEAM = P8K6Z5UGBL;
				GENERATE_INFOPLIST_FILE = YES;
				IPHONEOS_DEPLOYMENT_TARGET = 17.2;
				MARKETING_VERSION = 1.0;
				PRODUCT_BUNDLE_IDENTIFIER = com.example.iosTests;
				PRODUCT_NAME = "$(TARGET_NAME)";
				SWIFT_EMIT_LOC_STRINGS = NO;
				SWIFT_VERSION = 5.0;
				TARGETED_DEVICE_FAMILY = "1,2";
				TEST_HOST = "$(BUILT_PRODUCTS_DIR)/ios.app/$(BUNDLE_EXECUTABLE_FOLDER_PATH)/ios";
			};
			name = Release;
		};
		1D26B3C92B8D06D4006F6D35 /* Debug */ = {
			isa = XCBuildConfiguration;
			baseConfigurationReference = 82DA0F04A6084FF8EE229310 /* Pods-ios-iosUITests.debug.xcconfig */;
			buildSettings = {
				ALWAYS_EMBED_SWIFT_STANDARD_LIBRARIES = YES;
				CODE_SIGN_STYLE = Automatic;
				CURRENT_PROJECT_VERSION = 1;
				DEVELOPMENT_TEAM = P8K6Z5UGBL;
				GENERATE_INFOPLIST_FILE = YES;
				MARKETING_VERSION = 1.0;
				PRODUCT_BUNDLE_IDENTIFIER = com.example.iosUITests;
				PRODUCT_NAME = "$(TARGET_NAME)";
				SWIFT_EMIT_LOC_STRINGS = NO;
				SWIFT_VERSION = 5.0;
				TARGETED_DEVICE_FAMILY = "1,2";
				TEST_TARGET_NAME = ios;
			};
			name = Debug;
		};
		1D26B3CA2B8D06D4006F6D35 /* Release */ = {
			isa = XCBuildConfiguration;
			baseConfigurationReference = 8932E7602C3725238BB35A8F /* Pods-ios-iosUITests.release.xcconfig */;
			buildSettings = {
				ALWAYS_EMBED_SWIFT_STANDARD_LIBRARIES = YES;
				CODE_SIGN_STYLE = Automatic;
				CURRENT_PROJECT_VERSION = 1;
				DEVELOPMENT_TEAM = P8K6Z5UGBL;
				GENERATE_INFOPLIST_FILE = YES;
				MARKETING_VERSION = 1.0;
				PRODUCT_BUNDLE_IDENTIFIER = com.example.iosUITests;
				PRODUCT_NAME = "$(TARGET_NAME)";
				SWIFT_EMIT_LOC_STRINGS = NO;
				SWIFT_VERSION = 5.0;
				TARGETED_DEVICE_FAMILY = "1,2";
				TEST_TARGET_NAME = ios;
			};
			name = Release;
		};
/* End XCBuildConfiguration section */

/* Begin XCConfigurationList section */
		1D26B3992B8D06D2006F6D35 /* Build configuration list for PBXProject "ios" */ = {
			isa = XCConfigurationList;
			buildConfigurations = (
				1D26B3C02B8D06D4006F6D35 /* Debug */,
				1D26B3C12B8D06D4006F6D35 /* Release */,
			);
			defaultConfigurationIsVisible = 0;
			defaultConfigurationName = Release;
		};
		1D26B3C22B8D06D4006F6D35 /* Build configuration list for PBXNativeTarget "ios" */ = {
			isa = XCConfigurationList;
			buildConfigurations = (
				1D26B3C32B8D06D4006F6D35 /* Debug */,
				1D26B3C42B8D06D4006F6D35 /* Release */,
			);
			defaultConfigurationIsVisible = 0;
			defaultConfigurationName = Release;
		};
		1D26B3C52B8D06D4006F6D35 /* Build configuration list for PBXNativeTarget "iosTests" */ = {
			isa = XCConfigurationList;
			buildConfigurations = (
				1D26B3C62B8D06D4006F6D35 /* Debug */,
				1D26B3C72B8D06D4006F6D35 /* Release */,
			);
			defaultConfigurationIsVisible = 0;
			defaultConfigurationName = Release;
		};
		1D26B3C82B8D06D4006F6D35 /* Build configuration list for PBXNativeTarget "iosUITests" */ = {
			isa = XCConfigurationList;
			buildConfigurations = (
				1D26B3C92B8D06D4006F6D35 /* Debug */,
				1D26B3CA2B8D06D4006F6D35 /* Release */,
			);
			defaultConfigurationIsVisible = 0;
			defaultConfigurationName = Release;
		};
/* End XCConfigurationList section */
	};
	rootObject = 1D26B3962B8D06D2006F6D35 /* Project object */;
}
